Microsoft Visual Studio Solution File, Format Version 12.00
# Visual Studio Version 17
Project("{FAE04EC0-301F-11D3-BF4B-00C04F79EFBC}") = "Gulla.Optimizely.Graph.Cms.Ui", "Gulla.Optimizely.Graph.Cms.Ui\Gulla.Optimizely.Graph.Cms.Ui.csproj", "{6E2F4B62-9C16-4D9C-9E5E-2C0C0F1E9C01}"
EndProject
Global
	GlobalSection(SolutionConfigurationPlatforms) = preSolution
		Debug|Any CPU = Debug|Any CPU
		Release|Any CPU = Release|Any CPU
	EndGlobalSection
	GlobalSection(ProjectConfigurationPlatforms) = postSolution
		{6E2F4B62-9C16-4D9C-9E5E-2C0C0F1E9C01}.Debug|Any CPU.ActiveCfg = Debug|Any CPU
		{6E2F4B62-9C16-4D9C-9E5E-2C0C0F1E9C01}.Debug|Any CPU.Build.0 = Debug|Any CPU
		{6E2F4B62-9C16-4D9C-9E5E-2C0C0F1E9C01}.Release|Any CPU.ActiveCfg = Release|Any CPU
		{6E2F4B62-9C16-4D9C-9E5E-2C0C0F1E9C01}.Release|Any CPU.Build.0 = Release|Any CPU
	EndGlobalSection
EndGlobal
